{
    "name": "node-red-contrib-socketio-server",
    "version": "0.1.0",
    "lockfileVersion": 2,
    "requires": true,
    "packages": {
        "": {
            "version": "0.1.0",
            "license": "MIT",
            "dependencies": {
                "socket.io": "^4.0.0"
            }
        },
        "node_modules/@types/component-emitter": {
            "version": "1.2.10",
            "resolved": "https://registry.npm.taobao.org/@types/component-emitter/download/@types/component-emitter-1.2.10.tgz",
            "integrity": "sha1-71sVibnxZURkLkc9tepWORB+8+o="
        },
        "node_modules/@types/cookie": {
            "version": "0.4.0",
            "resolved": "https://registry.npm.taobao.org/@types/cookie/download/@types/cookie-0.4.0.tgz",
            "integrity": "sha1-FPhUwPk9Mm452m47bzT303UT0Qg="
        },
        "node_modules/@types/cors": {
            "version": "2.8.10",
            "resolved": "https://registry.npm.taobao.org/@types/cors/download/@types/cors-2.8.10.tgz",
            "integrity": "sha1-YcyEaYSeW83QxwRBIiZcOc7BDPQ="
        },
        "node_modules/@types/node": {
            "version": "14.14.34",
            "resolved": "https://registry.npm.taobao.org/@types/node/download/@types/node-14.14.34.tgz?cache=0&sync_timestamp=1615550874676&other_urls=https%3A%2F%2Fregistry.npm.taobao.org%2F%40types%2Fnode%2Fdownload%2F%40types%2Fnode-14.14.34.tgz",
            "integrity": "sha1-B5NRlPwEkGmhxWwMJ0Jlq+3fiNo="
        },
        "node_modules/accepts": {
            "version": "1.3.7",
            "resolved": "https://registry.npm.taobao.org/accepts/download/accepts-1.3.7.tgz",
            "integrity": "sha1-UxvHJlF6OytB+FACHGzBXqq1B80=",
            "dependencies": {
                "mime-types": "~2.1.24",
                "negotiator": "0.6.2"
            },
            "engines": {
                "node": ">= 0.6"
            }
        },
        "node_modules/base64-arraybuffer": {
            "version": "0.1.4",
            "resolved": "https://registry.npm.taobao.org/base64-arraybuffer/download/base64-arraybuffer-0.1.4.tgz",
            "integrity": "sha1-mBjHngWbE1X5fgQooBfIOOkLqBI=",
            "engines": {
                "node": ">= 0.6.0"
            }
        },
        "node_modules/base64id": {
            "version": "2.0.0",
            "resolved": "https://registry.npm.taobao.org/base64id/download/base64id-2.0.0.tgz",
            "integrity": "sha1-J3Csa8R9MSr5eov5pjQ0LgzSXLY=",
            "engines": {
                "node": "^4.5.0 || >= 5.9"
            }
        },
        "node_modules/bufferutil": {
            "version": "4.0.3",
            "resolved": "https://registry.npm.taobao.org/bufferutil/download/bufferutil-4.0.3.tgz?cache=0&sync_timestamp=1609618802475&other_urls=https%3A%2F%2Fregistry.npm.taobao.org%2Fbufferutil%2Fdownload%2Fbufferutil-4.0.3.tgz",
            "integrity": "sha1-ZnJLdWvtI818KMTTBteZT5lDzGs=",
            "hasInstallScript": true,
            "peer": true,
            "dependencies": {
                "node-gyp-build": "^4.2.0"
            }
        },
        "node_modules/component-emitter": {
            "version": "1.3.0",
            "resolved": "https://registry.npm.taobao.org/component-emitter/download/component-emitter-1.3.0.tgz",
            "integrity": "sha1-FuQHD7qK4ptnnyIVhT7hgasuq8A="
        },
        "node_modules/cookie": {
            "version": "0.4.1",
            "resolved": "https://registry.npm.taobao.org/cookie/download/cookie-0.4.1.tgz",
            "integrity": "sha1-r9cT/ibr0hupXOth+agRblClN9E=",
            "engines": {
                "node": ">= 0.6"
            }
        },
        "node_modules/cors": {
            "version": "2.8.5",
            "resolved": "https://registry.npm.taobao.org/cors/download/cors-2.8.5.tgz",
            "integrity": "sha1-6sEdpRWS3Ya58G9uesKTs9+HXSk=",
            "dependencies": {
                "object-assign": "^4",
                "vary": "^1"
            },
            "engines": {
                "node": ">= 0.10"
            }
        },
        "node_modules/debug": {
            "version": "4.3.1",
            "resolved": "https://registry.npm.taobao.org/debug/download/debug-4.3.1.tgz?cache=0&sync_timestamp=1607566537361&other_urls=https%3A%2F%2Fregistry.npm.taobao.org%2Fdebug%2Fdownload%2Fdebug-4.3.1.tgz",
            "integrity": "sha1-8NIpxQXgxtjEmsVT0bE9wYP2su4=",
            "dependencies": {
                "ms": "2.1.2"
            },
            "engines": {
                "node": ">=6.0"
            }
        },
        "node_modules/engine.io": {
            "version": "5.0.0",
            "resolved": "https://registry.npm.taobao.org/engine.io/download/engine.io-5.0.0.tgz",
            "integrity": "sha1-Rw3JSopJB/pNLNH6ZhFCavzuYb8=",
            "dependencies": {
                "accepts": "~1.3.4",
                "base64id": "2.0.0",
                "cookie": "~0.4.1",
                "cors": "~2.8.5",
                "debug": "~4.3.1",
                "engine.io-parser": "~4.0.0",
                "ws": "~7.4.2"
            },
            "engines": {
                "node": ">=10.0.0"
            }
        },
        "node_modules/engine.io-parser": {
            "version": "4.0.2",
            "resolved": "https://registry.npm.taobao.org/engine.io-parser/download/engine.io-parser-4.0.2.tgz",
            "integrity": "sha1-5B0LP7Zve/SjZx0gOKFUAk7bUB4=",
            "dependencies": {
                "base64-arraybuffer": "0.1.4"
            },
            "engines": {
                "node": ">=8.0.0"
            }
        },
        "node_modules/mime-db": {
            "version": "1.46.0",
            "resolved": "https://registry.npm.taobao.org/mime-db/download/mime-db-1.46.0.tgz?cache=0&sync_timestamp=1613194744108&other_urls=https%3A%2F%2Fregistry.npm.taobao.org%2Fmime-db%2Fdownload%2Fmime-db-1.46.0.tgz",
            "integrity": "sha1-Ymd0in95lZTePLyM3pHe80lmHO4=",
            "engines": {
                "node": ">= 0.6"
            }
        },
        "node_modules/mime-types": {
            "version": "2.1.29",
            "resolved": "https://registry.npm.taobao.org/mime-types/download/mime-types-2.1.29.tgz?cache=0&sync_timestamp=1613608491741&other_urls=https%3A%2F%2Fregistry.npm.taobao.org%2Fmime-types%2Fdownload%2Fmime-types-2.1.29.tgz",
            "integrity": "sha1-HUq3faZLkfX3JInfKSNlY3VLsbI=",
            "dependencies": {
                "mime-db": "1.46.0"
            },
            "engines": {
                "node": ">= 0.6"
            }
        },
        "node_modules/ms": {
            "version": "2.1.2",
            "resolved": "https://registry.npm.taobao.org/ms/download/ms-2.1.2.tgz?cache=0&sync_timestamp=1607433899126&other_urls=https%3A%2F%2Fregistry.npm.taobao.org%2Fms%2Fdownload%2Fms-2.1.2.tgz",
            "integrity": "sha1-0J0fNXtEP0kzgqjrPM0YOHKuYAk="
        },
        "node_modules/negotiator": {
            "version": "0.6.2",
            "resolved": "https://registry.npm.taobao.org/negotiator/download/negotiator-0.6.2.tgz",
            "integrity": "sha1-/qz3zPUlp3rpY0Q2pkiD/+yjRvs=",
            "engines": {
                "node": ">= 0.6"
            }
        },
        "node_modules/node-gyp-build": {
            "version": "4.2.3",
            "resolved": "https://registry.npm.taobao.org/node-gyp-build/download/node-gyp-build-4.2.3.tgz",
            "integrity": "sha1-zmJ3+FODX3GIKe+0fbIPPk2cRzk=",
            "peer": true,
            "bin": {
                "node-gyp-build": "bin.js",
                "node-gyp-build-optional": "optional.js",
                "node-gyp-build-test": "build-test.js"
            }
        },
        "node_modules/object-assign": {
            "version": "4.1.1",
            "resolved": "https://registry.npm.taobao.org/object-assign/download/object-assign-4.1.1.tgz",
            "integrity": "sha1-IQmtx5ZYh8/AXLvUQsrIv7s2CGM=",
            "engines": {
                "node": ">=0.10.0"
            }
        },
        "node_modules/socket.io": {
            "version": "4.0.0",
            "resolved": "https://registry.npm.taobao.org/socket.io/download/socket.io-4.0.0.tgz?cache=0&other_urls=https%3A%2F%2Fregistry.npm.taobao.org%2Fsocket.io%2Fdownload%2Fsocket.io-4.0.0.tgz",
            "integrity": "sha1-7khKldxqOGmEkar2O27B887qwKg=",
            "dependencies": {
                "@types/cookie": "^0.4.0",
                "@types/cors": "^2.8.8",
                "@types/node": ">=10.0.0",
                "accepts": "~1.3.4",
                "base64id": "~2.0.0",
                "debug": "~4.3.1",
                "engine.io": "~5.0.0",
                "socket.io-adapter": "~2.2.0",
                "socket.io-parser": "~4.0.3"
            },
            "engines": {
                "node": ">=10.0.0"
            }
        },
        "node_modules/socket.io-adapter": {
            "version": "2.2.0",
            "resolved": "https://registry.npm.taobao.org/socket.io-adapter/download/socket.io-adapter-2.2.0.tgz?cache=0&other_urls=https%3A%2F%2Fregistry.npm.taobao.org%2Fsocket.io-adapter%2Fdownload%2Fsocket.io-adapter-2.2.0.tgz",
            "integrity": "sha1-Q6+RV8RgnnS4rdxoZ4c6x+tI/aI="
        },
        "node_modules/socket.io-parser": {
            "version": "4.0.4",
            "resolved": "https://registry.npm.taobao.org/socket.io-parser/download/socket.io-parser-4.0.4.tgz?cache=0&sync_timestamp=1610669979787&other_urls=https%3A%2F%2Fregistry.npm.taobao.org%2Fsocket.io-parser%2Fdownload%2Fsocket.io-parser-4.0.4.tgz",
            "integrity": "sha1-nqIbDWFQjRgZbvBKLGuatjD0wrA=",
            "dependencies": {
                "@types/component-emitter": "^1.2.10",
                "component-emitter": "~1.3.0",
                "debug": "~4.3.1"
            },
            "engines": {
                "node": ">=10.0.0"
            }
        },
        "node_modules/utf-8-validate": {
            "version": "5.0.4",
            "resolved": "https://registry.npm.taobao.org/utf-8-validate/download/utf-8-validate-5.0.4.tgz",
            "integrity": "sha1-cqFzWYPd96BaQ6nGtnxc4ckQ+bg=",
            "hasInstallScript": true,
            "peer": true,
            "dependencies": {
                "node-gyp-build": "^4.2.0"
            }
        },
        "node_modules/vary": {
            "version": "1.1.2",
            "resolved": "https://registry.npm.taobao.org/vary/download/vary-1.1.2.tgz",
            "integrity": "sha1-IpnwLG3tMNSllhsLn3RSShj2NPw=",
            "engines": {
                "node": ">= 0.8"
            }
        },
        "node_modules/ws": {
            "version": "7.4.4",
            "resolved": "https://registry.npm.taobao.org/ws/download/ws-7.4.4.tgz",
            "integrity": "sha1-ODvJdCyyAikskHfOq29gR7F/LVk=",
            "engines": {
                "node": ">=8.3.0"
            },
            "peerDependencies": {
                "bufferutil": "^4.0.1",
                "utf-8-validate": "^5.0.2"
            }
        }
    },
    "dependencies": {
        "@types/component-emitter": {
            "version": "1.2.10",
            "resolved": "https://registry.npm.taobao.org/@types/component-emitter/download/@types/component-emitter-1.2.10.tgz",
            "integrity": "sha1-71sVibnxZURkLkc9tepWORB+8+o="
        },
        "@types/cookie": {
            "version": "0.4.0",
            "resolved": "https://registry.npm.taobao.org/@types/cookie/download/@types/cookie-0.4.0.tgz",
            "integrity": "sha1-FPhUwPk9Mm452m47bzT303UT0Qg="
        },
        "@types/cors": {
            "version": "2.8.10",
            "resolved": "https://registry.npm.taobao.org/@types/cors/download/@types/cors-2.8.10.tgz",
            "integrity": "sha1-YcyEaYSeW83QxwRBIiZcOc7BDPQ="
        },
        "@types/node": {
            "version": "14.14.34",
            "resolved": "https://registry.npm.taobao.org/@types/node/download/@types/node-14.14.34.tgz?cache=0&sync_timestamp=1615550874676&other_urls=https%3A%2F%2Fregistry.npm.taobao.org%2F%40types%2Fnode%2Fdownload%2F%40types%2Fnode-14.14.34.tgz",
            "integrity": "sha1-B5NRlPwEkGmhxWwMJ0Jlq+3fiNo="
        },
        "accepts": {
            "version": "1.3.7",
            "resolved": "https://registry.npm.taobao.org/accepts/download/accepts-1.3.7.tgz",
            "integrity": "sha1-UxvHJlF6OytB+FACHGzBXqq1B80=",
            "requires": {
                "mime-types": "~2.1.24",
                "negotiator": "0.6.2"
            }
        },
        "base64-arraybuffer": {
            "version": "0.1.4",
            "resolved": "https://registry.npm.taobao.org/base64-arraybuffer/download/base64-arraybuffer-0.1.4.tgz",
            "integrity": "sha1-mBjHngWbE1X5fgQooBfIOOkLqBI="
        },
        "base64id": {
            "version": "2.0.0",
            "resolved": "https://registry.npm.taobao.org/base64id/download/base64id-2.0.0.tgz",
            "integrity": "sha1-J3Csa8R9MSr5eov5pjQ0LgzSXLY="
        },
        "bufferutil": {
            "version": "4.0.3",
            "resolved": "https://registry.npm.taobao.org/bufferutil/download/bufferutil-4.0.3.tgz?cache=0&sync_timestamp=1609618802475&other_urls=https%3A%2F%2Fregistry.npm.taobao.org%2Fbufferutil%2Fdownload%2Fbufferutil-4.0.3.tgz",
            "integrity": "sha1-ZnJLdWvtI818KMTTBteZT5lDzGs=",
            "peer": true,
            "requires": {
                "node-gyp-build": "^4.2.0"
            }
        },
        "component-emitter": {
            "version": "1.3.0",
            "resolved": "https://registry.npm.taobao.org/component-emitter/download/component-emitter-1.3.0.tgz",
            "integrity": "sha1-FuQHD7qK4ptnnyIVhT7hgasuq8A="
        },
        "cookie": {
            "version": "0.4.1",
            "resolved": "https://registry.npm.taobao.org/cookie/download/cookie-0.4.1.tgz",
            "integrity": "sha1-r9cT/ibr0hupXOth+agRblClN9E="
        },
        "cors": {
            "version": "2.8.5",
            "resolved": "https://registry.npm.taobao.org/cors/download/cors-2.8.5.tgz",
            "integrity": "sha1-6sEdpRWS3Ya58G9uesKTs9+HXSk=",
            "requires": {
                "object-assign": "^4",
                "vary": "^1"
            }
        },
        "debug": {
            "version": "4.3.1",
            "resolved": "https://registry.npm.taobao.org/debug/download/debug-4.3.1.tgz?cache=0&sync_timestamp=1607566537361&other_urls=https%3A%2F%2Fregistry.npm.taobao.org%2Fdebug%2Fdownload%2Fdebug-4.3.1.tgz",
            "integrity": "sha1-8NIpxQXgxtjEmsVT0bE9wYP2su4=",
            "requires": {
                "ms": "2.1.2"
            }
        },
        "engine.io": {
            "version": "5.0.0",
            "resolved": "https://registry.npm.taobao.org/engine.io/download/engine.io-5.0.0.tgz",
            "integrity": "sha1-Rw3JSopJB/pNLNH6ZhFCavzuYb8=",
            "requires": {
                "accepts": "~1.3.4",
                "base64id": "2.0.0",
                "cookie": "~0.4.1",
                "cors": "~2.8.5",
                "debug": "~4.3.1",
                "engine.io-parser": "~4.0.0",
                "ws": "~7.4.2"
            }
        },
        "engine.io-parser": {
            "version": "4.0.2",
            "resolved": "https://registry.npm.taobao.org/engine.io-parser/download/engine.io-parser-4.0.2.tgz",
            "integrity": "sha1-5B0LP7Zve/SjZx0gOKFUAk7bUB4=",
            "requires": {
                "base64-arraybuffer": "0.1.4"
            }
        },
        "mime-db": {
            "version": "1.46.0",
            "resolved": "https://registry.npm.taobao.org/mime-db/download/mime-db-1.46.0.tgz?cache=0&sync_timestamp=1613194744108&other_urls=https%3A%2F%2Fregistry.npm.taobao.org%2Fmime-db%2Fdownload%2Fmime-db-1.46.0.tgz",
            "integrity": "sha1-Ymd0in95lZTePLyM3pHe80lmHO4="
        },
        "mime-types": {
            "version": "2.1.29",
            "resolved": "https://registry.npm.taobao.org/mime-types/download/mime-types-2.1.29.tgz?cache=0&sync_timestamp=1613608491741&other_urls=https%3A%2F%2Fregistry.npm.taobao.org%2Fmime-types%2Fdownload%2Fmime-types-2.1.29.tgz",
            "integrity": "sha1-HUq3faZLkfX3JInfKSNlY3VLsbI=",
            "requires": {
                "mime-db": "1.46.0"
            }
        },
        "ms": {
            "version": "2.1.2",
            "resolved": "https://registry.npm.taobao.org/ms/download/ms-2.1.2.tgz?cache=0&sync_timestamp=1607433899126&other_urls=https%3A%2F%2Fregistry.npm.taobao.org%2Fms%2Fdownload%2Fms-2.1.2.tgz",
            "integrity": "sha1-0J0fNXtEP0kzgqjrPM0YOHKuYAk="
        },
        "negotiator": {
            "version": "0.6.2",
            "resolved": "https://registry.npm.taobao.org/negotiator/download/negotiator-0.6.2.tgz",
            "integrity": "sha1-/qz3zPUlp3rpY0Q2pkiD/+yjRvs="
        },
        "node-gyp-build": {
            "version": "4.2.3",
            "resolved": "https://registry.npm.taobao.org/node-gyp-build/download/node-gyp-build-4.2.3.tgz",
            "integrity": "sha1-zmJ3+FODX3GIKe+0fbIPPk2cRzk=",
            "peer": true
        },
        "object-assign": {
            "version": "4.1.1",
            "resolved": "https://registry.npm.taobao.org/object-assign/download/object-assign-4.1.1.tgz",
            "integrity": "sha1-IQmtx5ZYh8/AXLvUQsrIv7s2CGM="
        },
        "socket.io": {
            "version": "4.0.0",
            "resolved": "https://registry.npm.taobao.org/socket.io/download/socket.io-4.0.0.tgz?cache=0&other_urls=https%3A%2F%2Fregistry.npm.taobao.org%2Fsocket.io%2Fdownload%2Fsocket.io-4.0.0.tgz",
            "integrity": "sha1-7khKldxqOGmEkar2O27B887qwKg=",
            "requires": {
                "@types/cookie": "^0.4.0",
                "@types/cors": "^2.8.8",
                "@types/node": ">=10.0.0",
                "accepts": "~1.3.4",
                "base64id": "~2.0.0",
                "debug": "~4.3.1",
                "engine.io": "~5.0.0",
                "socket.io-adapter": "~2.2.0",
                "socket.io-parser": "~4.0.3"
            }
        },
        "socket.io-adapter": {
            "version": "2.2.0",
            "resolved": "https://registry.npm.taobao.org/socket.io-adapter/download/socket.io-adapter-2.2.0.tgz?cache=0&other_urls=https%3A%2F%2Fregistry.npm.taobao.org%2Fsocket.io-adapter%2Fdownload%2Fsocket.io-adapter-2.2.0.tgz",
            "integrity": "sha1-Q6+RV8RgnnS4rdxoZ4c6x+tI/aI="
        },
        "socket.io-parser": {
            "version": "4.0.4",
            "resolved": "https://registry.npm.taobao.org/socket.io-parser/download/socket.io-parser-4.0.4.tgz?cache=0&sync_timestamp=1610669979787&other_urls=https%3A%2F%2Fregistry.npm.taobao.org%2Fsocket.io-parser%2Fdownload%2Fsocket.io-parser-4.0.4.tgz",
            "integrity": "sha1-nqIbDWFQjRgZbvBKLGuatjD0wrA=",
            "requires": {
                "@types/component-emitter": "^1.2.10",
                "component-emitter": "~1.3.0",
                "debug": "~4.3.1"
            }
        },
        "utf-8-validate": {
            "version": "5.0.4",
            "resolved": "https://registry.npm.taobao.org/utf-8-validate/download/utf-8-validate-5.0.4.tgz",
            "integrity": "sha1-cqFzWYPd96BaQ6nGtnxc4ckQ+bg=",
            "peer": true,
            "requires": {
                "node-gyp-build": "^4.2.0"
            }
        },
        "vary": {
            "version": "1.1.2",
            "resolved": "https://registry.npm.taobao.org/vary/download/vary-1.1.2.tgz",
            "integrity": "sha1-IpnwLG3tMNSllhsLn3RSShj2NPw="
        },
        "ws": {
            "version": "7.4.4",
            "resolved": "https://registry.npm.taobao.org/ws/download/ws-7.4.4.tgz",
            "integrity": "sha1-ODvJdCyyAikskHfOq29gR7F/LVk=",
            "requires": {}
        }
    }
}
